{
    "_meta": {
        "hash": {
            "sha256": "bc192e15753b4fe46bdc40ea1b491aecacd514bcd2423aff36af57161a1608ec"
        },
        "pipfile-spec": 6,
        "requires": {
            "python_version": "3.7"
        },
        "sources": [
            {
                "name": "pypi",
                "url": "https://pypi.org/simple",
                "verify_ssl": true
            }
        ]
    },
    "default": {
        "ddt": {
            "hashes": [
                "sha256:d577b57b213fa3f4a0d202aefa50c59c630f24f0c03ecbecad46a8031b046768",
                "sha256:ef9e554b03241f8f8a1bbde5f749a199871d227335fe4bb320feb0abe6fbab00"
            ],
            "index": "pypi",
            "version": "==1.3.1"
        },
        "mock": {
            "hashes": [
                "sha256:3f9b2c0196c60d21838f307f5825a7b86b678cedc58ab9e50a8988187b4d81e0",
                "sha256:dd33eb70232b6118298d516bbcecd26704689c386594f0f3c4f13867b2c56f72"
            ],
            "index": "pypi",
            "version": "==4.0.2"
        },
        "tabulate": {
            "hashes": [
                "sha256:ac64cb76d53b1231d364babcd72abbb16855adac7de6665122f97b593f1eb2ba",
                "sha256:db2723a20d04bcda8522165c73eea7c300eda74e0ce852d9022e0159d7895007"
            ],
            "index": "pypi",
            "version": "==0.8.7"
        }
    },
    "develop": {}
}
